
Microsoft Visual Studio Solution File, Format Version 12.00
# Visual Studio 15
VisualStudioVersion = 15.0.27428.2005
MinimumVisualStudioVersion = 10.0.40219.1
Project("{FAE04EC0-301F-11D3-BF4B-00C04F79EFBC}") = "Vidly", "Vidly\Vidly.csproj", "{36E5A619-C73D-41CA-9E2E-61A7C4D3D366}"
EndProject
Global
	GlobalSection(SolutionConfigurationPlatforms) = preSolution
		Debug|Any CPU = Debug|Any CPU
		Release|Any CPU = Release|Any CPU
	EndGlobalSection
	GlobalSection(ProjectConfigurationPlatforms) = postSolution
		{36E5A619-C73D-41CA-9E2E-61A7C4D3D366}.Debug|Any CPU.ActiveCfg = Debug|Any CPU
		{36E5A619-C73D-41CA-9E2E-61A7C4D3D366}.Debug|Any CPU.Build.0 = Debug|Any CPU
		{36E5A619-C73D-41CA-9E2E-61A7C4D3D366}.Release|Any CPU.ActiveCfg = Release|Any CPU
		{36E5A619-C73D-41CA-9E2E-61A7C4D3D366}.Release|Any CPU.Build.0 = Release|Any CPU
	EndGlobalSection
	GlobalSection(SolutionProperties) = preSolution
		HideSolutionNode = FALSE
	EndGlobalSection
	GlobalSection(ExtensibilityGlobals) = postSolution
		SolutionGuid = {F28080A2-3AF1-4DCF-816F-EB70804E9177}
	EndGlobalSection
EndGlobal
